// !$*UTF8*$!
{
	archiveVersion = 1;
	classes = {
	};
	objectVersion = 77;
	objects = {

/* Begin PBXBuildFile section */
		F92F889E2D5BE622005F1474 /* GFEmptyStateView.swift in Sources */ = {isa = PBXBuildFile; fileRef = F92F889D2D5BE622005F1474 /* GFEmptyStateView.swift */; };
		F9351F2B2D6B38B0007A7659 /* UIView+Ext.swift in Sources */ = {isa = PBXBuildFile; fileRef = F9351F2A2D6B38B0007A7659 /* UIView+Ext.swift */; };
		F9351F2D2D6B47F6007A7659 /* UITableView+Ext.swift in Sources */ = {isa = PBXBuildFile; fileRef = F9351F2C2D6B47F6007A7659 /* UITableView+Ext.swift */; };
		F937448A2D54023500B344B8 /* UIHelper.swift in Sources */ = {isa = PBXBuildFile; fileRef = F93744892D54023500B344B8 /* UIHelper.swift */; };
		F96058C52D62172A00D756E1 /* UserInfoVC.swift in Sources */ = {isa = PBXBuildFile; fileRef = F96058C42D62172A00D756E1 /* UserInfoVC.swift */; };
		F96058C92D62274E00D756E1 /* GFError.swift in Sources */ = {isa = PBXBuildFile; fileRef = F96058C82D62274E00D756E1 /* GFError.swift */; };
		F96058CB2D6240DF00D756E1 /* GFUserInfoHeaderVC.swift in Sources */ = {isa = PBXBuildFile; fileRef = F96058CA2D6240DF00D756E1 /* GFUserInfoHeaderVC.swift */; };
		F96058CD2D62414300D756E1 /* GFSecondaryTitleLabel.swift in Sources */ = {isa = PBXBuildFile; fileRef = F96058CC2D62414300D756E1 /* GFSecondaryTitleLabel.swift */; };
		F96058CF2D62735000D756E1 /* Constants.swift in Sources */ = {isa = PBXBuildFile; fileRef = F96058CE2D62735000D756E1 /* Constants.swift */; };
		F9605A072D63B34800D756E1 /* GFItemInfoView.swift in Sources */ = {isa = PBXBuildFile; fileRef = F9605A062D63B34800D756E1 /* GFItemInfoView.swift */; };
		F9605A092D63B8FF00D756E1 /* GFItemInfoVC.swift in Sources */ = {isa = PBXBuildFile; fileRef = F9605A082D63B8FF00D756E1 /* GFItemInfoVC.swift */; };
		F9605A0B2D63BBFE00D756E1 /* GFRepoItemVC.swift in Sources */ = {isa = PBXBuildFile; fileRef = F9605A0A2D63BBFE00D756E1 /* GFRepoItemVC.swift */; };
		F9605A0D2D63BD9000D756E1 /* GFFollowerItemVC.swift in Sources */ = {isa = PBXBuildFile; fileRef = F9605A0C2D63BD9000D756E1 /* GFFollowerItemVC.swift */; };
		F9605A102D63CF0300D756E1 /* Date+Ext.swift in Sources */ = {isa = PBXBuildFile; fileRef = F9605A0F2D63CF0300D756E1 /* Date+Ext.swift */; };
		F99088642D690F82005F5613 /* PersistenceManager.swift in Sources */ = {isa = PBXBuildFile; fileRef = F99088632D690F82005F5613 /* PersistenceManager.swift */; };
		F99088662D693FFB005F5613 /* FavoriteCell.swift in Sources */ = {isa = PBXBuildFile; fileRef = F99088652D693FFB005F5613 /* FavoriteCell.swift */; };
		F99088692D6A091C005F5613 /* GFTabBarController.swift in Sources */ = {isa = PBXBuildFile; fileRef = F99088682D6A091C005F5613 /* GFTabBarController.swift */; };
		F990886B2D6A5EDF005F5613 /* GFDataLoadingVC.swift in Sources */ = {isa = PBXBuildFile; fileRef = F990886A2D6A5EDF005F5613 /* GFDataLoadingVC.swift */; };
		F993442A2D16FDB2001B5796 /* Assets.xcassets in Resources */ = {isa = PBXBuildFile; fileRef = F993441B2D16FDB2001B5796 /* Assets.xcassets */; };
		F993442C2D16FDB2001B5796 /* LaunchScreen.storyboard in Resources */ = {isa = PBXBuildFile; fileRef = F99344252D16FDB2001B5796 /* LaunchScreen.storyboard */; };
		F993442D2D16FDB2001B5796 /* AppDelegate.swift in Sources */ = {isa = PBXBuildFile; fileRef = F993441A2D16FDB2001B5796 /* AppDelegate.swift */; };
		F993442E2D16FDB2001B5796 /* FavoritesListVC.swift in Sources */ = {isa = PBXBuildFile; fileRef = F993441C2D16FDB2001B5796 /* FavoritesListVC.swift */; };
		F993442F2D16FDB2001B5796 /* FollowerListVC.swift in Sources */ = {isa = PBXBuildFile; fileRef = F993441D2D16FDB2001B5796 /* FollowerListVC.swift */; };
		F99344302D16FDB2001B5796 /* GFAlertVC.swift in Sources */ = {isa = PBXBuildFile; fileRef = F993441E2D16FDB2001B5796 /* GFAlertVC.swift */; };
		F99344312D16FDB2001B5796 /* GFBodyLabel.swift in Sources */ = {isa = PBXBuildFile; fileRef = F993441F2D16FDB2001B5796 /* GFBodyLabel.swift */; };
		F99344322D16FDB2001B5796 /* GFButton.swift in Sources */ = {isa = PBXBuildFile; fileRef = F99344202D16FDB2001B5796 /* GFButton.swift */; };
		F99344332D16FDB2001B5796 /* GFTextField.swift in Sources */ = {isa = PBXBuildFile; fileRef = F99344212D16FDB2001B5796 /* GFTextField.swift */; };
		F99344342D16FDB2001B5796 /* GFTitleLabel.swift in Sources */ = {isa = PBXBuildFile; fileRef = F99344222D16FDB2001B5796 /* GFTitleLabel.swift */; };
		F99344352D16FDB2001B5796 /* SceneDelegate.swift in Sources */ = {isa = PBXBuildFile; fileRef = F99344262D16FDB2001B5796 /* SceneDelegate.swift */; };
		F99344362D16FDB2001B5796 /* SearchVC.swift in Sources */ = {isa = PBXBuildFile; fileRef = F99344272D16FDB2001B5796 /* SearchVC.swift */; };
		F99344372D16FDB2001B5796 /* UIViewController+Ext.swift in Sources */ = {isa = PBXBuildFile; fileRef = F99344282D16FDB2001B5796 /* UIViewController+Ext.swift */; };
		F993443D2D1705AD001B5796 /* GFAlertContainerView.swift in Sources */ = {isa = PBXBuildFile; fileRef = F993443C2D1705AD001B5796 /* GFAlertContainerView.swift */; };
		F9C7060E2D1834E600C406C3 /* Follower.swift in Sources */ = {isa = PBXBuildFile; fileRef = F9C7060D2D1834E300C406C3 /* Follower.swift */; };
		F9C706102D18362400C406C3 /* User.swift in Sources */ = {isa = PBXBuildFile; fileRef = F9C7060F2D18362400C406C3 /* User.swift */; };
		F9C706132D184AD300C406C3 /* NetworkManager.swift in Sources */ = {isa = PBXBuildFile; fileRef = F9C706122D184AD300C406C3 /* NetworkManager.swift */; };
		F9C706192D186A4200C406C3 /* FollowerCell.swift in Sources */ = {isa = PBXBuildFile; fileRef = F9C706182D186A4200C406C3 /* FollowerCell.swift */; };
		F9C7061B2D186AB900C406C3 /* GFAvatarImageView.swift in Sources */ = {isa = PBXBuildFile; fileRef = F9C7061A2D186AB900C406C3 /* GFAvatarImageView.swift */; };
/* End PBXBuildFile section */

/* Begin PBXFileReference section */
		F92F889D2D5BE622005F1474 /* GFEmptyStateView.swift */ = {isa = PBXFileReference; lastKnownFileType = sourcecode.swift; path = GFEmptyStateView.swift; sourceTree = "<group>"; };
		F9351F2A2D6B38B0007A7659 /* UIView+Ext.swift */ = {isa = PBXFileReference; lastKnownFileType = sourcecode.swift; path = "UIView+Ext.swift"; sourceTree = "<group>"; };
		F9351F2C2D6B47F6007A7659 /* UITableView+Ext.swift */ = {isa = PBXFileReference; lastKnownFileType = sourcecode.swift; path = "UITableView+Ext.swift"; sourceTree = "<group>"; };
		F93744892D54023500B344B8 /* UIHelper.swift */ = {isa = PBXFileReference; lastKnownFileType = sourcecode.swift; path = UIHelper.swift; sourceTree = "<group>"; };
		F93B73952CE14F370053ABFB /* GHFollowers.app */ = {isa = PBXFileReference; explicitFileType = wrapper.application; includeInIndex = 0; path = GHFollowers.app; sourceTree = BUILT_PRODUCTS_DIR; };
		F96058C42D62172A00D756E1 /* UserInfoVC.swift */ = {isa = PBXFileReference; lastKnownFileType = sourcecode.swift; path = UserInfoVC.swift; sourceTree = "<group>"; };
		F96058C82D62274E00D756E1 /* GFError.swift */ = {isa = PBXFileReference; lastKnownFileType = sourcecode.swift; path = GFError.swift; sourceTree = "<group>"; };
		F96058CA2D6240DF00D756E1 /* GFUserInfoHeaderVC.swift */ = {isa = PBXFileReference; lastKnownFileType = sourcecode.swift; path = GFUserInfoHeaderVC.swift; sourceTree = "<group>"; };
		F96058CC2D62414300D756E1 /* GFSecondaryTitleLabel.swift */ = {isa = PBXFileReference; lastKnownFileType = sourcecode.swift; path = GFSecondaryTitleLabel.swift; sourceTree = "<group>"; };
		F96058CE2D62735000D756E1 /* Constants.swift */ = {isa = PBXFileReference; lastKnownFileType = sourcecode.swift; path = Constants.swift; sourceTree = "<group>"; };
		F9605A062D63B34800D756E1 /* GFItemInfoView.swift */ = {isa = PBXFileReference; lastKnownFileType = sourcecode.swift; path = GFItemInfoView.swift; sourceTree = "<group>"; };
		F9605A082D63B8FF00D756E1 /* GFItemInfoVC.swift */ = {isa = PBXFileReference; lastKnownFileType = sourcecode.swift; path = GFItemInfoVC.swift; sourceTree = "<group>"; };
		F9605A0A2D63BBFE00D756E1 /* GFRepoItemVC.swift */ = {isa = PBXFileReference; lastKnownFileType = sourcecode.swift; path = GFRepoItemVC.swift; sourceTree = "<group>"; };
		F9605A0C2D63BD9000D756E1 /* GFFollowerItemVC.swift */ = {isa = PBXFileReference; lastKnownFileType = sourcecode.swift; path = GFFollowerItemVC.swift; sourceTree = "<group>"; };
		F9605A0F2D63CF0300D756E1 /* Date+Ext.swift */ = {isa = PBXFileReference; lastKnownFileType = sourcecode.swift; path = "Date+Ext.swift"; sourceTree = "<group>"; };
		F99088632D690F82005F5613 /* PersistenceManager.swift */ = {isa = PBXFileReference; lastKnownFileType = sourcecode.swift; path = PersistenceManager.swift; sourceTree = "<group>"; };
		F99088652D693FFB005F5613 /* FavoriteCell.swift */ = {isa = PBXFileReference; lastKnownFileType = sourcecode.swift; path = FavoriteCell.swift; sourceTree = "<group>"; };
		F99088682D6A091C005F5613 /* GFTabBarController.swift */ = {isa = PBXFileReference; lastKnownFileType = sourcecode.swift; path = GFTabBarController.swift; sourceTree = "<group>"; };
		F990886A2D6A5EDF005F5613 /* GFDataLoadingVC.swift */ = {isa = PBXFileReference; lastKnownFileType = sourcecode.swift; path = GFDataLoadingVC.swift; sourceTree = "<group>"; };
		F993441A2D16FDB2001B5796 /* AppDelegate.swift */ = {isa = PBXFileReference; lastKnownFileType = sourcecode.swift; path = AppDelegate.swift; sourceTree = "<group>"; };
		F993441B2D16FDB2001B5796 /* Assets.xcassets */ = {isa = PBXFileReference; lastKnownFileType = folder.assetcatalog; path = Assets.xcassets; sourceTree = "<group>"; };
		F993441C2D16FDB2001B5796 /* FavoritesListVC.swift */ = {isa = PBXFileReference; lastKnownFileType = sourcecode.swift; path = FavoritesListVC.swift; sourceTree = "<group>"; };
		F993441D2D16FDB2001B5796 /* FollowerListVC.swift */ = {isa = PBXFileReference; lastKnownFileType = sourcecode.swift; path = FollowerListVC.swift; sourceTree = "<group>"; };
		F993441E2D16FDB2001B5796 /* GFAlertVC.swift */ = {isa = PBXFileReference; lastKnownFileType = sourcecode.swift; path = GFAlertVC.swift; sourceTree = "<group>"; };
		F993441F2D16FDB2001B5796 /* GFBodyLabel.swift */ = {isa = PBXFileReference; lastKnownFileType = sourcecode.swift; path = GFBodyLabel.swift; sourceTree = "<group>"; };
		F99344202D16FDB2001B5796 /* GFButton.swift */ = {isa = PBXFileReference; lastKnownFileType = sourcecode.swift; path = GFButton.swift; sourceTree = "<group>"; };
		F99344212D16FDB2001B5796 /* GFTextField.swift */ = {isa = PBXFileReference; lastKnownFileType = sourcecode.swift; path = GFTextField.swift; sourceTree = "<group>"; };
		F99344222D16FDB2001B5796 /* GFTitleLabel.swift */ = {isa = PBXFileReference; lastKnownFileType = sourcecode.swift; path = GFTitleLabel.swift; sourceTree = "<group>"; };
		F99344232D16FDB2001B5796 /* Info.plist */ = {isa = PBXFileReference; lastKnownFileType = text.plist.xml; path = Info.plist; sourceTree = "<group>"; };
		F99344242D16FDB2001B5796 /* Base */ = {isa = PBXFileReference; lastKnownFileType = file.storyboard; name = Base; path = Base.lproj/LaunchScreen.storyboard; sourceTree = "<group>"; };
		F99344262D16FDB2001B5796 /* SceneDelegate.swift */ = {isa = PBXFileReference; lastKnownFileType = sourcecode.swift; path = SceneDelegate.swift; sourceTree = "<group>"; };
		F99344272D16FDB2001B5796 /* SearchVC.swift */ = {isa = PBXFileReference; lastKnownFileType = sourcecode.swift; path = SearchVC.swift; sourceTree = "<group>"; };
		F99344282D16FDB2001B5796 /* UIViewController+Ext.swift */ = {isa = PBXFileReference; lastKnownFileType = sourcecode.swift; path = "UIViewController+Ext.swift"; sourceTree = "<group>"; };
		F993443C2D1705AD001B5796 /* GFAlertContainerView.swift */ = {isa = PBXFileReference; lastKnownFileType = sourcecode.swift; path = GFAlertContainerView.swift; sourceTree = "<group>"; };
		F9C7060D2D1834E300C406C3 /* Follower.swift */ = {isa = PBXFileReference; lastKnownFileType = sourcecode.swift; path = Follower.swift; sourceTree = "<group>"; };
		F9C7060F2D18362400C406C3 /* User.swift */ = {isa = PBXFileReference; lastKnownFileType = sourcecode.swift; path = User.swift; sourceTree = "<group>"; };
		F9C706122D184AD300C406C3 /* NetworkManager.swift */ = {isa = PBXFileReference; lastKnownFileType = sourcecode.swift; path = NetworkManager.swift; sourceTree = "<group>"; };
		F9C706182D186A4200C406C3 /* FollowerCell.swift */ = {isa = PBXFileReference; lastKnownFileType = sourcecode.swift; path = FollowerCell.swift; sourceTree = "<group>"; };
		F9C7061A2D186AB900C406C3 /* GFAvatarImageView.swift */ = {isa = PBXFileReference; lastKnownFileType = sourcecode.swift; path = GFAvatarImageView.swift; sourceTree = "<group>"; };
/* End PBXFileReference section */

/* Begin PBXFrameworksBuildPhase section */
		F93B73922CE14F370053ABFB /* Frameworks */ = {
			isa = PBXFrameworksBuildPhase;
			buildActionMask = 2147483647;
			files = (
			);
			runOnlyForDeploymentPostprocessing = 0;
		};
/* End PBXFrameworksBuildPhase section */

/* Begin PBXGroup section */
		F92F88972D5BE52E005F1474 /* Views */ = {
			isa = PBXGroup;
			children = (
				F92F889D2D5BE622005F1474 /* GFEmptyStateView.swift */,
				F9605A062D63B34800D756E1 /* GFItemInfoView.swift */,
				F993443C2D1705AD001B5796 /* GFAlertContainerView.swift */,
			);
			path = Views;
			sourceTree = "<group>";
		};
		F92F88982D5BE535005F1474 /* Buttons */ = {
			isa = PBXGroup;
			children = (
				F99344202D16FDB2001B5796 /* GFButton.swift */,
			);
			path = Buttons;
			sourceTree = "<group>";
		};
		F92F88992D5BE53C005F1474 /* TextFields */ = {
			isa = PBXGroup;
			children = (
				F99344212D16FDB2001B5796 /* GFTextField.swift */,
			);
			path = TextFields;
			sourceTree = "<group>";
		};
		F92F889A2D5BE542005F1474 /* ImageViews */ = {
			isa = PBXGroup;
			children = (
				F9C7061A2D186AB900C406C3 /* GFAvatarImageView.swift */,
			);
			path = ImageViews;
			sourceTree = "<group>";
		};
		F92F889B2D5BE549005F1474 /* ViewControllers */ = {
			isa = PBXGroup;
			children = (
				F9605A0E2D63BDE100D756E1 /* ItemInfoVCs */,
				F993441E2D16FDB2001B5796 /* GFAlertVC.swift */,
				F96058CA2D6240DF00D756E1 /* GFUserInfoHeaderVC.swift */,
				F990886A2D6A5EDF005F5613 /* GFDataLoadingVC.swift */,
			);
			path = ViewControllers;
			sourceTree = "<group>";
		};
		F92F889C2D5BE577005F1474 /* Labels */ = {
			isa = PBXGroup;
			children = (
				F99344222D16FDB2001B5796 /* GFTitleLabel.swift */,
				F993441F2D16FDB2001B5796 /* GFBodyLabel.swift */,
				F96058CC2D62414300D756E1 /* GFSecondaryTitleLabel.swift */,
			);
			path = Labels;
			sourceTree = "<group>";
		};
		F93B738C2CE14F370053ABFB = {
			isa = PBXGroup;
			children = (
				F99344292D16FDB2001B5796 /* GHFollowers */,
				F93B73962CE14F370053ABFB /* Products */,
			);
			sourceTree = "<group>";
		};
		F93B73962CE14F370053ABFB /* Products */ = {
			isa = PBXGroup;
			children = (
				F93B73952CE14F370053ABFB /* GHFollowers.app */,
			);
			name = Products;
			sourceTree = "<group>";
		};
		F9605A0E2D63BDE100D756E1 /* ItemInfoVCs */ = {
			isa = PBXGroup;
			children = (
				F9605A082D63B8FF00D756E1 /* GFItemInfoVC.swift */,
				F9605A0A2D63BBFE00D756E1 /* GFRepoItemVC.swift */,
				F9605A0C2D63BD9000D756E1 /* GFFollowerItemVC.swift */,
			);
			path = ItemInfoVCs;
			sourceTree = "<group>";
		};
		F99088672D6A08EE005F5613 /* TabBarControllers */ = {
			isa = PBXGroup;
			children = (
				F99088682D6A091C005F5613 /* GFTabBarController.swift */,
			);
			path = TabBarControllers;
			sourceTree = "<group>";
		};
		F99344292D16FDB2001B5796 /* GHFollowers */ = {
			isa = PBXGroup;
			children = (
				F9C706142D185FDF00C406C3 /* Utilities */,
				F9C706112D184ABC00C406C3 /* Managers */,
				F9C7060A2D1834BD00C406C3 /* Model */,
				F993443A2D16FE54001B5796 /* Extensions */,
				F99344392D16FE0F001B5796 /* Custom Views */,
				F99344382D16FDC9001B5796 /* Screens */,
				F993443B2D16FEB3001B5796 /* Support */,
				F99344232D16FDB2001B5796 /* Info.plist */,
			);
			path = GHFollowers;
			sourceTree = "<group>";
		};
		F99344382D16FDC9001B5796 /* Screens */ = {
			isa = PBXGroup;
			children = (
				F99344272D16FDB2001B5796 /* SearchVC.swift */,
				F993441D2D16FDB2001B5796 /* FollowerListVC.swift */,
				F993441C2D16FDB2001B5796 /* FavoritesListVC.swift */,
				F96058C42D62172A00D756E1 /* UserInfoVC.swift */,
			);
			path = Screens;
			sourceTree = "<group>";
		};
		F99344392D16FE0F001B5796 /* Custom Views */ = {
			isa = PBXGroup;
			children = (
				F99088672D6A08EE005F5613 /* TabBarControllers */,
				F92F889C2D5BE577005F1474 /* Labels */,
				F92F889B2D5BE549005F1474 /* ViewControllers */,
				F92F889A2D5BE542005F1474 /* ImageViews */,
				F92F88992D5BE53C005F1474 /* TextFields */,
				F92F88982D5BE535005F1474 /* Buttons */,
				F92F88972D5BE52E005F1474 /* Views */,
				F9C706172D186A2800C406C3 /* Cells */,
			);
			path = "Custom Views";
			sourceTree = "<group>";
		};
		F993443A2D16FE54001B5796 /* Extensions */ = {
			isa = PBXGroup;
			children = (
				F99344282D16FDB2001B5796 /* UIViewController+Ext.swift */,
				F9605A0F2D63CF0300D756E1 /* Date+Ext.swift */,
				F9351F2A2D6B38B0007A7659 /* UIView+Ext.swift */,
				F9351F2C2D6B47F6007A7659 /* UITableView+Ext.swift */,
			);
			path = Extensions;
			sourceTree = "<group>";
		};
		F993443B2D16FEB3001B5796 /* Support */ = {
			isa = PBXGroup;
			children = (
				F993441A2D16FDB2001B5796 /* AppDelegate.swift */,
				F993441B2D16FDB2001B5796 /* Assets.xcassets */,
				F99344252D16FDB2001B5796 /* LaunchScreen.storyboard */,
				F99344262D16FDB2001B5796 /* SceneDelegate.swift */,
			);
			path = Support;
			sourceTree = "<group>";
		};
		F9C7060A2D1834BD00C406C3 /* Model */ = {
			isa = PBXGroup;
			children = (
				F9C7060D2D1834E300C406C3 /* Follower.swift */,
				F9C7060F2D18362400C406C3 /* User.swift */,
			);
			path = Model;
			sourceTree = "<group>";
		};
		F9C706112D184ABC00C406C3 /* Managers */ = {
			isa = PBXGroup;
			children = (
				F9C706122D184AD300C406C3 /* NetworkManager.swift */,
				F99088632D690F82005F5613 /* PersistenceManager.swift */,
			);
			path = Managers;
			sourceTree = "<group>";
		};
		F9C706142D185FDF00C406C3 /* Utilities */ = {
			isa = PBXGroup;
			children = (
				F93744892D54023500B344B8 /* UIHelper.swift */,
				F96058C82D62274E00D756E1 /* GFError.swift */,
				F96058CE2D62735000D756E1 /* Constants.swift */,
			);
			path = Utilities;
			sourceTree = "<group>";
		};
		F9C706172D186A2800C406C3 /* Cells */ = {
			isa = PBXGroup;
			children = (
				F9C706182D186A4200C406C3 /* FollowerCell.swift */,
				F99088652D693FFB005F5613 /* FavoriteCell.swift */,
			);
			path = Cells;
			sourceTree = "<group>";
		};
/* End PBXGroup section */

/* Begin PBXNativeTarget section */
		F93B73942CE14F370053ABFB /* GHFollowers */ = {
			isa = PBXNativeTarget;
			buildConfigurationList = F93B73A82CE14F380053ABFB /* Build configuration list for PBXNativeTarget "GHFollowers" */;
			buildPhases = (
				F93B73912CE14F370053ABFB /* Sources */,
				F93B73922CE14F370053ABFB /* Frameworks */,
				F93B73932CE14F370053ABFB /* Resources */,
			);
			buildRules = (
			);
			dependencies = (
			);
			name = GHFollowers;
			packageProductDependencies = (
			);
			productName = GHFollowers;
			productReference = F93B73952CE14F370053ABFB /* GHFollowers.app */;
			productType = "com.apple.product-type.application";
		};
/* End PBXNativeTarget section */

/* Begin PBXProject section */
		F93B738D2CE14F370053ABFB /* Project object */ = {
			isa = PBXProject;
			attributes = {
				BuildIndependentTargetsInParallel = 1;
				LastSwiftUpdateCheck = 1610;
				LastUpgradeCheck = 1610;
				TargetAttributes = {
					F93B73942CE14F370053ABFB = {
						CreatedOnToolsVersion = 16.1;
					};
				};
			};
			buildConfigurationList = F93B73902CE14F370053ABFB /* Build configuration list for PBXProject "GHFollowers" */;
			developmentRegion = en;
			hasScannedForEncodings = 0;
			knownRegions = (
				en,
				Base,
			);
			mainGroup = F93B738C2CE14F370053ABFB;
			minimizedProjectReferenceProxies = 1;
			preferredProjectObjectVersion = 77;
			productRefGroup = F93B73962CE14F370053ABFB /* Products */;
			projectDirPath = "";
			projectRoot = "";
			targets = (
				F93B73942CE14F370053ABFB /* GHFollowers */,
			);
		};
/* End PBXProject section */

/* Begin PBXResourcesBuildPhase section */
		F93B73932CE14F370053ABFB /* Resources */ = {
			isa = PBXResourcesBuildPhase;
			buildActionMask = 2147483647;
			files = (
				F993442A2D16FDB2001B5796 /* Assets.xcassets in Resources */,
				F993442C2D16FDB2001B5796 /* LaunchScreen.storyboard in Resources */,
			);
			runOnlyForDeploymentPostprocessing = 0;
		};
/* End PBXResourcesBuildPhase section */

/* Begin PBXSourcesBuildPhase section */
		F93B73912CE14F370053ABFB /* Sources */ = {
			isa = PBXSourcesBuildPhase;
			buildActionMask = 2147483647;
			files = (
				F9351F2B2D6B38B0007A7659 /* UIView+Ext.swift in Sources */,
				F993442D2D16FDB2001B5796 /* AppDelegate.swift in Sources */,
				F993442E2D16FDB2001B5796 /* FavoritesListVC.swift in Sources */,
				F993442F2D16FDB2001B5796 /* FollowerListVC.swift in Sources */,
				F96058CB2D6240DF00D756E1 /* GFUserInfoHeaderVC.swift in Sources */,
				F99344302D16FDB2001B5796 /* GFAlertVC.swift in Sources */,
				F99344312D16FDB2001B5796 /* GFBodyLabel.swift in Sources */,
				F92F889E2D5BE622005F1474 /* GFEmptyStateView.swift in Sources */,
				F96058CD2D62414300D756E1 /* GFSecondaryTitleLabel.swift in Sources */,
				F99344322D16FDB2001B5796 /* GFButton.swift in Sources */,
				F9C706102D18362400C406C3 /* User.swift in Sources */,
				F96058C92D62274E00D756E1 /* GFError.swift in Sources */,
				F9C706192D186A4200C406C3 /* FollowerCell.swift in Sources */,
				F99088642D690F82005F5613 /* PersistenceManager.swift in Sources */,
				F99088662D693FFB005F5613 /* FavoriteCell.swift in Sources */,
				F9605A0B2D63BBFE00D756E1 /* GFRepoItemVC.swift in Sources */,
				F9C7061B2D186AB900C406C3 /* GFAvatarImageView.swift in Sources */,
				F99344332D16FDB2001B5796 /* GFTextField.swift in Sources */,
				F96058C52D62172A00D756E1 /* UserInfoVC.swift in Sources */,
				F9C7060E2D1834E600C406C3 /* Follower.swift in Sources */,
				F990886B2D6A5EDF005F5613 /* GFDataLoadingVC.swift in Sources */,
				F99344342D16FDB2001B5796 /* GFTitleLabel.swift in Sources */,
				F99344352D16FDB2001B5796 /* SceneDelegate.swift in Sources */,
				F9605A092D63B8FF00D756E1 /* GFItemInfoVC.swift in Sources */,
				F9605A0D2D63BD9000D756E1 /* GFFollowerItemVC.swift in Sources */,
				F99344362D16FDB2001B5796 /* SearchVC.swift in Sources */,
				F937448A2D54023500B344B8 /* UIHelper.swift in Sources */,
				F9605A102D63CF0300D756E1 /* Date+Ext.swift in Sources */,
				F9C706132D184AD300C406C3 /* NetworkManager.swift in Sources */,
				F99344372D16FDB2001B5796 /* UIViewController+Ext.swift in Sources */,
				F9605A072D63B34800D756E1 /* GFItemInfoView.swift in Sources */,
				F993443D2D1705AD001B5796 /* GFAlertContainerView.swift in Sources */,
				F9351F2D2D6B47F6007A7659 /* UITableView+Ext.swift in Sources */,
				F96058CF2D62735000D756E1 /* Constants.swift in Sources */,
				F99088692D6A091C005F5613 /* GFTabBarController.swift in Sources */,
			);
			runOnlyForDeploymentPostprocessing = 0;
		};
/* End PBXSourcesBuildPhase section */

/* Begin PBXVariantGroup section */
		F99344252D16FDB2001B5796 /* LaunchScreen.storyboard */ = {
			isa = PBXVariantGroup;
			children = (
				F99344242D16FDB2001B5796 /* Base */,
			);
			name = LaunchScreen.storyboard;
			sourceTree = "<group>";
		};
/* End PBXVariantGroup section */

/* Begin XCBuildConfiguration section */
		F93B73A92CE14F380053ABFB /* Debug */ = {
			isa = XCBuildConfiguration;
			buildSettings = {
				ASSETCATALOG_COMPILER_APPICON_NAME = AppIcon;
				ASSETCATALOG_COMPILER_GLOBAL_ACCENT_COLOR_NAME = AccentColor;
				CODE_SIGN_STYLE = Automatic;
				CURRENT_PROJECT_VERSION = 1;
				DEVELOPMENT_TEAM = DQ48F29D8A;
				GENERATE_INFOPLIST_FILE = YES;
				INFOPLIST_FILE = GHFollowers/Info.plist;
				INFOPLIST_KEY_UIApplicationSupportsIndirectInputEvents = YES;
				INFOPLIST_KEY_UILaunchStoryboardName = LaunchScreen;
				INFOPLIST_KEY_UISupportedInterfaceOrientations = UIInterfaceOrientationPortrait;
				INFOPLIST_KEY_UISupportedInterfaceOrientations_iPad = "UIInterfaceOrientationLandscapeLeft UIInterfaceOrientationLandscapeRight UIInterfaceOrientationPortrait UIInterfaceOrientationPortraitUpsideDown";
				IPHONEOS_DEPLOYMENT_TARGET = 15.0;
				LD_RUNPATH_SEARCH_PATHS = (
					"$(inherited)",
					"@executable_path/Frameworks",
				);
				MARKETING_VERSION = 1.0;
				PRODUCT_BUNDLE_IDENTIFIER = com.emirhanipek.GHFollowers;
				PRODUCT_NAME = "$(TARGET_NAME)";
				SUPPORTED_PLATFORMS = "iphoneos iphonesimulator";
				SUPPORTS_MACCATALYST = NO;
				SUPPORTS_MAC_DESIGNED_FOR_IPHONE_IPAD = NO;
				SUPPORTS_XR_DESIGNED_FOR_IPHONE_IPAD = NO;
				SWIFT_EMIT_LOC_STRINGS = YES;
				SWIFT_VERSION = 5.0;
				TARGETED_DEVICE_FAMILY = 1;
			};
			name = Debug;
		};
		F93B73AA2CE14F380053ABFB /* Release */ = {
			isa = XCBuildConfiguration;
			buildSettings = {
				ASSETCATALOG_COMPILER_APPICON_NAME = AppIcon;
				ASSETCATALOG_COMPILER_GLOBAL_ACCENT_COLOR_NAME = AccentColor;
				CODE_SIGN_STYLE = Automatic;
				CURRENT_PROJECT_VERSION = 1;
				DEVELOPMENT_TEAM = DQ48F29D8A;
				GENERATE_INFOPLIST_FILE = YES;
				INFOPLIST_FILE = GHFollowers/Info.plist;
				INFOPLIST_KEY_UIApplicationSupportsIndirectInputEvents = YES;
				INFOPLIST_KEY_UILaunchStoryboardName = LaunchScreen;
				INFOPLIST_KEY_UISupportedInterfaceOrientations = UIInterfaceOrientationPortrait;
				INFOPLIST_KEY_UISupportedInterfaceOrientations_iPad = "UIInterfaceOrientationLandscapeLeft UIInterfaceOrientationLandscapeRight UIInterfaceOrientationPortrait UIInterfaceOrientationPortraitUpsideDown";
				IPHONEOS_DEPLOYMENT_TARGET = 15.0;
				LD_RUNPATH_SEARCH_PATHS = (
					"$(inherited)",
					"@executable_path/Frameworks",
				);
				MARKETING_VERSION = 1.0;
				PRODUCT_BUNDLE_IDENTIFIER = com.emirhanipek.GHFollowers;
				PRODUCT_NAME = "$(TARGET_NAME)";
				SUPPORTED_PLATFORMS = "iphoneos iphonesimulator";
				SUPPORTS_MACCATALYST = NO;
				SUPPORTS_MAC_DESIGNED_FOR_IPHONE_IPAD = NO;
				SUPPORTS_XR_DESIGNED_FOR_IPHONE_IPAD = NO;
				SWIFT_EMIT_LOC_STRINGS = YES;
				SWIFT_VERSION = 5.0;
				TARGETED_DEVICE_FAMILY = 1;
			};
			name = Release;
		};
		F93B73AB2CE14F380053ABFB /* Debug */ = {
			isa = XCBuildConfiguration;
			buildSettings = {
				ALWAYS_SEARCH_USER_PATHS = NO;
				ASSETCATALOG_COMPILER_GENERATE_SWIFT_ASSET_SYMBOL_EXTENSIONS = YES;
				CLANG_ANALYZER_NONNULL = YES;
				CLANG_ANALYZER_NUMBER_OBJECT_CONVERSION = YES_AGGRESSIVE;
				CLANG_CXX_LANGUAGE_STANDARD = "gnu++20";
				CLANG_ENABLE_MODULES = YES;
				CLANG_ENABLE_OBJC_ARC = YES;
				CLANG_ENABLE_OBJC_WEAK = YES;
				CLANG_WARN_BLOCK_CAPTURE_AUTORELEASING = YES;
				CLANG_WARN_BOOL_CONVERSION = YES;
				CLANG_WARN_COMMA = YES;
				CLANG_WARN_CONSTANT_CONVERSION = YES;
				CLANG_WARN_DEPRECATED_OBJC_IMPLEMENTATIONS = YES;
				CLANG_WARN_DIRECT_OBJC_ISA_USAGE = YES_ERROR;
				CLANG_WARN_DOCUMENTATION_COMMENTS = YES;
				CLANG_WARN_EMPTY_BODY = YES;
				CLANG_WARN_ENUM_CONVERSION = YES;
				CLANG_WARN_INFINITE_RECURSION = YES;
				CLANG_WARN_INT_CONVERSION = YES;
				CLANG_WARN_NON_LITERAL_NULL_CONVERSION = YES;
				CLANG_WARN_OBJC_IMPLICIT_RETAIN_SELF = YES;
				CLANG_WARN_OBJC_LITERAL_CONVERSION = YES;
				CLANG_WARN_OBJC_ROOT_CLASS = YES_ERROR;
				CLANG_WARN_QUOTED_INCLUDE_IN_FRAMEWORK_HEADER = YES;
				CLANG_WARN_RANGE_LOOP_ANALYSIS = YES;
				CLANG_WARN_STRICT_PROTOTYPES = YES;
				CLANG_WARN_SUSPICIOUS_MOVE = YES;
				CLANG_WARN_UNGUARDED_AVAILABILITY = YES_AGGRESSIVE;
				CLANG_WARN_UNREACHABLE_CODE = YES;
				CLANG_WARN__DUPLICATE_METHOD_MATCH = YES;
				COPY_PHASE_STRIP = NO;
				DEBUG_INFORMATION_FORMAT = dwarf;
				ENABLE_STRICT_OBJC_MSGSEND = YES;
				ENABLE_TESTABILITY = YES;
				ENABLE_USER_SCRIPT_SANDBOXING = YES;
				GCC_C_LANGUAGE_STANDARD = gnu17;
				GCC_DYNAMIC_NO_PIC = NO;
				GCC_NO_COMMON_BLOCKS = YES;
				GCC_OPTIMIZATION_LEVEL = 0;
				GCC_PREPROCESSOR_DEFINITIONS = (
					"DEBUG=1",
					"$(inherited)",
				);
				GCC_WARN_64_TO_32_BIT_CONVERSION = YES;
				GCC_WARN_ABOUT_RETURN_TYPE = YES_ERROR;
				GCC_WARN_UNDECLARED_SELECTOR = YES;
				GCC_WARN_UNINITIALIZED_AUTOS = YES_AGGRESSIVE;
				GCC_WARN_UNUSED_FUNCTION = YES;
				GCC_WARN_UNUSED_VARIABLE = YES;
				IPHONEOS_DEPLOYMENT_TARGET = 18.1;
				LOCALIZATION_PREFERS_STRING_CATALOGS = YES;
				MTL_ENABLE_DEBUG_INFO = INCLUDE_SOURCE;
				MTL_FAST_MATH = YES;
				ONLY_ACTIVE_ARCH = YES;
				SDKROOT = iphoneos;
				SWIFT_ACTIVE_COMPILATION_CONDITIONS = "DEBUG $(inherited)";
				SWIFT_OPTIMIZATION_LEVEL = "-Onone";
			};
			name = Debug;
		};
		F93B73AC2CE14F380053ABFB /* Release */ = {
			isa = XCBuildConfiguration;
			buildSettings = {
				ALWAYS_SEARCH_USER_PATHS = NO;
				ASSETCATALOG_COMPILER_GENERATE_SWIFT_ASSET_SYMBOL_EXTENSIONS = YES;
				CLANG_ANALYZER_NONNULL = YES;
				CLANG_ANALYZER_NUMBER_OBJECT_CONVERSION = YES_AGGRESSIVE;
				CLANG_CXX_LANGUAGE_STANDARD = "gnu++20";
				CLANG_ENABLE_MODULES = YES;
				CLANG_ENABLE_OBJC_ARC = YES;
				CLANG_ENABLE_OBJC_WEAK = YES;
				CLANG_WARN_BLOCK_CAPTURE_AUTORELEASING = YES;
				CLANG_WARN_BOOL_CONVERSION = YES;
				CLANG_WARN_COMMA = YES;
				CLANG_WARN_CONSTANT_CONVERSION = YES;
				CLANG_WARN_DEPRECATED_OBJC_IMPLEMENTATIONS = YES;
				CLANG_WARN_DIRECT_OBJC_ISA_USAGE = YES_ERROR;
				CLANG_WARN_DOCUMENTATION_COMMENTS = YES;
				CLANG_WARN_EMPTY_BODY = YES;
				CLANG_WARN_ENUM_CONVERSION = YES;
				CLANG_WARN_INFINITE_RECURSION = YES;
				CLANG_WARN_INT_CONVERSION = YES;
				CLANG_WARN_NON_LITERAL_NULL_CONVERSION = YES;
				CLANG_WARN_OBJC_IMPLICIT_RETAIN_SELF = YES;
				CLANG_WARN_OBJC_LITERAL_CONVERSION = YES;
				CLANG_WARN_OBJC_ROOT_CLASS = YES_ERROR;
				CLANG_WARN_QUOTED_INCLUDE_IN_FRAMEWORK_HEADER = YES;
				CLANG_WARN_RANGE_LOOP_ANALYSIS = YES;
				CLANG_WARN_STRICT_PROTOTYPES = YES;
				CLANG_WARN_SUSPICIOUS_MOVE = YES;
				CLANG_WARN_UNGUARDED_AVAILABILITY = YES_AGGRESSIVE;
				CLANG_WARN_UNREACHABLE_CODE = YES;
				CLANG_WARN__DUPLICATE_METHOD_MATCH = YES;
				COPY_PHASE_STRIP = NO;
				DEBUG_INFORMATION_FORMAT = "dwarf-with-dsym";
				ENABLE_NS_ASSERTIONS = NO;
				ENABLE_STRICT_OBJC_MSGSEND = YES;
				ENABLE_USER_SCRIPT_SANDBOXING = YES;
				GCC_C_LANGUAGE_STANDARD = gnu17;
				GCC_NO_COMMON_BLOCKS = YES;
				GCC_WARN_64_TO_32_BIT_CONVERSION = YES;
				GCC_WARN_ABOUT_RETURN_TYPE = YES_ERROR;
				GCC_WARN_UNDECLARED_SELECTOR = YES;
				GCC_WARN_UNINITIALIZED_AUTOS = YES_AGGRESSIVE;
				GCC_WARN_UNUSED_FUNCTION = YES;
				GCC_WARN_UNUSED_VARIABLE = YES;
				IPHONEOS_DEPLOYMENT_TARGET = 18.1;
				LOCALIZATION_PREFERS_STRING_CATALOGS = YES;
				MTL_ENABLE_DEBUG_INFO = NO;
				MTL_FAST_MATH = YES;
				SDKROOT = iphoneos;
				SWIFT_COMPILATION_MODE = wholemodule;
				VALIDATE_PRODUCT = YES;
			};
			name = Release;
		};
/* End XCBuildConfiguration section */

/* Begin XCConfigurationList section */
		F93B73902CE14F370053ABFB /* Build configuration list for PBXProject "GHFollowers" */ = {
			isa = XCConfigurationList;
			buildConfigurations = (
				F93B73AB2CE14F380053ABFB /* Debug */,
				F93B73AC2CE14F380053ABFB /* Release */,
			);
			defaultConfigurationIsVisible = 0;
			defaultConfigurationName = Release;
		};
		F93B73A82CE14F380053ABFB /* Build configuration list for PBXNativeTarget "GHFollowers" */ = {
			isa = XCConfigurationList;
			buildConfigurations = (
				F93B73A92CE14F380053ABFB /* Debug */,
				F93B73AA2CE14F380053ABFB /* Release */,
			);
			defaultConfigurationIsVisible = 0;
			defaultConfigurationName = Release;
		};
/* End XCConfigurationList section */
	};
	rootObject = F93B738D2CE14F370053ABFB /* Project object */;
}
